
Microsoft Visual Studio Solution File, Format Version 12.00
# Visual Studio 15
Project("{FAE04EC0-301F-11D3-BF4B-00C04F79EFBC}") = "Assembly-CSharp-Editor", "Assembly-CSharp-Editor.csproj", "{C82180CD-88BF-7C07-7A06-5B17966798F5}"
EndProject
Project("{FAE04EC0-301F-11D3-BF4B-00C04F79EFBC}") = "Assembly-CSharp", "Assembly-CSharp.csproj", "{0242B101-7726-EC8A-6266-17EE55F02D95}"
EndProject
Global
	GlobalSection(SolutionConfigurationPlatforms) = preSolution
		Debug|Any CPU = Debug|Any CPU
		Release|Any CPU = Release|Any CPU
	EndGlobalSection
	GlobalSection(ProjectConfigurationPlatforms) = postSolution
		{C82180CD-88BF-7C07-7A06-5B17966798F5}.Debug|Any CPU.ActiveCfg = Debug|Any CPU
		{C82180CD-88BF-7C07-7A06-5B17966798F5}.Debug|Any CPU.Build.0 = Debug|Any CPU
		{C82180CD-88BF-7C07-7A06-5B17966798F5}.Release|Any CPU.ActiveCfg = Release|Any CPU
		{C82180CD-88BF-7C07-7A06-5B17966798F5}.Release|Any CPU.Build.0 = Release|Any CPU
		{0242B101-7726-EC8A-6266-17EE55F02D95}.Debug|Any CPU.ActiveCfg = Debug|Any CPU
		{0242B101-7726-EC8A-6266-17EE55F02D95}.Debug|Any CPU.Build.0 = Debug|Any CPU
		{0242B101-7726-EC8A-6266-17EE55F02D95}.Release|Any CPU.ActiveCfg = Release|Any CPU
		{0242B101-7726-EC8A-6266-17EE55F02D95}.Release|Any CPU.Build.0 = Release|Any CPU
	EndGlobalSection
	GlobalSection(SolutionProperties) = preSolution
		HideSolutionNode = FALSE
	EndGlobalSection
EndGlobal
